lockfileVersion: '9.0'

settings:
  autoInstallPeers: true
  excludeLinksFromLockfile: false

importers:

  .:
    dependencies:
      tailwindcss:
        specifier: ^4.1.7
        version: 4.1.7
    devDependencies:
      '@types/react':
        specifier: ^19.1.5
        version: 19.1.5
      '@types/react-dom':
        specifier: ^19.1.5
        version: 19.1.5(@types/react@19.1.5)

packages:

  '@types/react-dom@19.1.5':
    resolution: {integrity: sha512-CMCjrWucUBZvohgZxkjd6S9h0nZxXjzus6yDfUb+xLxYM7VvjKNH1tQrE9GWLql1XoOP4/Ds3bwFqShHUYraGg==}
    peerDependencies:
      '@types/react': ^19.0.0

  '@types/react@19.1.5':
    resolution: {integrity: sha512-piErsCVVbpMMT2r7wbawdZsq4xMvIAhQuac2gedQHysu1TZYEigE6pnFfgZT+/jQnrRuF5r+SHzuehFjfRjr4g==}

  csstype@3.1.3:
    resolution: {integrity: sha512-M1uQkMl8rQK/szD0LNhtqxIPLpimGm8sOBwU7lLnCpSbTyY3yeU1Vc7l4KT5zT4s/yOxHH5O7tIuuLOCnLADRw==}

  tailwindcss@4.1.7:
    resolution: {integrity: sha512-kr1o/ErIdNhTz8uzAYL7TpaUuzKIE6QPQ4qmSdxnoX/lo+5wmUHQA6h3L5yIqEImSRnAAURDirLu/BgiXGPAhg==}

snapshots:

  '@types/react-dom@19.1.5(@types/react@19.1.5)':
    dependencies:
      '@types/react': 19.1.5

  '@types/react@19.1.5':
    dependencies:
      csstype: 3.1.3

  csstype@3.1.3: {}

  tailwindcss@4.1.7: {}
